
Microsoft Visual Studio Solution File, Format Version 12.00
# Visual Studio Version 16
VisualStudioVersion = 16.0.31313.79
MinimumVisualStudioVersion = 10.0.40219.1
Project("{FAE04EC0-301F-11D3-BF4B-00C04F79EFBC}") = "Common", "Common\Common.csproj", "{DC00CD1A-4755-4621-B975-61545D1F0FD3}"
EndProject
Project("{2150E333-8FDC-42A3-9474-1A3956D46DE8}") = "Surveys", "Surveys", "{F6B3B9F6-9938-4C1E-8926-9E2917C3F5BA}"
EndProject
Project("{FAE04EC0-301F-11D3-BF4B-00C04F79EFBC}") = "WebApp", "WebApp\WebApp.csproj", "{706E4EC1-A340-423E-8DCF-ABBCAFE90626}"
EndProject
Project("{FAE04EC0-301F-11D3-BF4B-00C04F79EFBC}") = "DomainModel", "DomainModel\DomainModel.csproj", "{BAC11793-E070-4A05-ADD0-409B42219E1A}"
EndProject
Project("{FAE04EC0-301F-11D3-BF4B-00C04F79EFBC}") = "Foundation", "Foundation\Foundation.csproj", "{A6BE63D0-76FF-46D1-8690-399BE70434D5}"
EndProject
Global
	GlobalSection(SolutionConfigurationPlatforms) = preSolution
		Debug|Any CPU = Debug|Any CPU
		Release|Any CPU = Release|Any CPU
	EndGlobalSection
	GlobalSection(ProjectConfigurationPlatforms) = postSolution
		{DC00CD1A-4755-4621-B975-61545D1F0FD3}.Debug|Any CPU.ActiveCfg = Debug|Any CPU
		{DC00CD1A-4755-4621-B975-61545D1F0FD3}.Debug|Any CPU.Build.0 = Debug|Any CPU
		{DC00CD1A-4755-4621-B975-61545D1F0FD3}.Release|Any CPU.ActiveCfg = Release|Any CPU
		{DC00CD1A-4755-4621-B975-61545D1F0FD3}.Release|Any CPU.Build.0 = Release|Any CPU
		{706E4EC1-A340-423E-8DCF-ABBCAFE90626}.Debug|Any CPU.ActiveCfg = Debug|Any CPU
		{706E4EC1-A340-423E-8DCF-ABBCAFE90626}.Debug|Any CPU.Build.0 = Debug|Any CPU
		{706E4EC1-A340-423E-8DCF-ABBCAFE90626}.Release|Any CPU.ActiveCfg = Release|Any CPU
		{706E4EC1-A340-423E-8DCF-ABBCAFE90626}.Release|Any CPU.Build.0 = Release|Any CPU
		{BAC11793-E070-4A05-ADD0-409B42219E1A}.Debug|Any CPU.ActiveCfg = Debug|Any CPU
		{BAC11793-E070-4A05-ADD0-409B42219E1A}.Debug|Any CPU.Build.0 = Debug|Any CPU
		{BAC11793-E070-4A05-ADD0-409B42219E1A}.Release|Any CPU.ActiveCfg = Release|Any CPU
		{BAC11793-E070-4A05-ADD0-409B42219E1A}.Release|Any CPU.Build.0 = Release|Any CPU
		{A6BE63D0-76FF-46D1-8690-399BE70434D5}.Debug|Any CPU.ActiveCfg = Debug|Any CPU
		{A6BE63D0-76FF-46D1-8690-399BE70434D5}.Debug|Any CPU.Build.0 = Debug|Any CPU
		{A6BE63D0-76FF-46D1-8690-399BE70434D5}.Release|Any CPU.ActiveCfg = Release|Any CPU
		{A6BE63D0-76FF-46D1-8690-399BE70434D5}.Release|Any CPU.Build.0 = Release|Any CPU
	EndGlobalSection
	GlobalSection(SolutionProperties) = preSolution
		HideSolutionNode = FALSE
	EndGlobalSection
	GlobalSection(NestedProjects) = preSolution
		{706E4EC1-A340-423E-8DCF-ABBCAFE90626} = {F6B3B9F6-9938-4C1E-8926-9E2917C3F5BA}
		{BAC11793-E070-4A05-ADD0-409B42219E1A} = {F6B3B9F6-9938-4C1E-8926-9E2917C3F5BA}
		{A6BE63D0-76FF-46D1-8690-399BE70434D5} = {F6B3B9F6-9938-4C1E-8926-9E2917C3F5BA}
	EndGlobalSection
	GlobalSection(ExtensibilityGlobals) = postSolution
		SolutionGuid = {7294370E-BEE4-488C-88CE-4875F47FD889}
	EndGlobalSection
EndGlobal
